// !$*UTF8*$!
{
	archiveVersion = 1;
	classes = {
	};
	objectVersion = 56;
	objects = {

/* Begin PBXBuildFile section */
		89CCF7E42955F3A900C7125E /* AppDelegate.swift in Sources */ = {isa = PBXBuildFile; fileRef = 89CCF7E32955F3A900C7125E /* AppDelegate.swift */; };
		89CCF7E62955F3A900C7125E /* SceneDelegate.swift in Sources */ = {isa = PBXBuildFile; fileRef = 89CCF7E52955F3A900C7125E /* SceneDelegate.swift */; };
		89CCF7E82955F3A900C7125E /* ViewController.swift in Sources */ = {isa = PBXBuildFile; fileRef = 89CCF7E72955F3A900C7125E /* ViewController.swift */; };
		89CCF7EB2955F3A900C7125E /* Main.storyboard in Resources */ = {isa = PBXBuildFile; fileRef = 89CCF7E92955F3A900C7125E /* Main.storyboard */; };
		89CCF7ED2955F3AB00C7125E /* Assets.xcassets in Resources */ = {isa = PBXBuildFile; fileRef = 89CCF7EC2955F3AB00C7125E /* Assets.xcassets */; };
		89CCF7F02955F3AB00C7125E /* LaunchScreen.storyboard in Resources */ = {isa = PBXBuildFile; fileRef = 89CCF7EE2955F3AB00C7125E /* LaunchScreen.storyboard */; };
/* End PBXBuildFile section */

/* Begin PBXFileReference section */
		89CCF7E02955F3A900C7125E /* Alert(Uyari)Message.app */ = {isa = PBXFileReference; explicitFileType = wrapper.application; includeInIndex = 0; path = "Alert(Uyari)Message.app"; sourceTree = BUILT_PRODUCTS_DIR; };
		89CCF7E32955F3A900C7125E /* AppDelegate.swift */ = {isa = PBXFileReference; lastKnownFileType = sourcecode.swift; path = AppDelegate.swift; sourceTree = "<group>"; };
		89CCF7E52955F3A900C7125E /* SceneDelegate.swift */ = {isa = PBXFileReference; lastKnownFileType = sourcecode.swift; path = SceneDelegate.swift; sourceTree = "<group>"; };
		89CCF7E72955F3A900C7125E /* ViewController.swift */ = {isa = PBXFileReference; lastKnownFileType = sourcecode.swift; path = ViewController.swift; sourceTree = "<group>"; };
		89CCF7EA2955F3A900C7125E /* Base */ = {isa = PBXFileReference; lastKnownFileType = file.storyboard; name = Base; path = Base.lproj/Main.storyboard; sourceTree = "<group>"; };
		89CCF7EC2955F3AB00C7125E /* Assets.xcassets */ = {isa = PBXFileReference; lastKnownFileType = folder.assetcatalog; path = Assets.xcassets; sourceTree = "<group>"; };
		89CCF7EF2955F3AB00C7125E /* Base */ = {isa = PBXFileReference; lastKnownFileType = file.storyboard; name = Base; path = Base.lproj/LaunchScreen.storyboard; sourceTree = "<group>"; };
		89CCF7F12955F3AB00C7125E /* Info.plist */ = {isa = PBXFileReference; lastKnownFileType = text.plist.xml; path = Info.plist; sourceTree = "<group>"; };
/* End PBXFileReference section */

/* Begin PBXFrameworksBuildPhase section */
		89CCF7DD2955F3A900C7125E /* Frameworks */ = {
			isa = PBXFrameworksBuildPhase;
			buildActionMask = 2147483647;
			files = (
			);
			runOnlyForDeploymentPostprocessing = 0;
		};
/* End PBXFrameworksBuildPhase section */

/* Begin PBXGroup section */
		89CCF7D72955F3A900C7125E = {
			isa = PBXGroup;
			children = (
				89CCF7E22955F3A900C7125E /* Alert(Uyari)Message */,
				89CCF7E12955F3A900C7125E /* Products */,
			);
			sourceTree = "<group>";
		};
		89CCF7E12955F3A900C7125E /* Products */ = {
			isa = PBXGroup;
			children = (
				89CCF7E02955F3A900C7125E /* Alert(Uyari)Message.app */,
			);
			name = Products;
			sourceTree = "<group>";
		};
		89CCF7E22955F3A900C7125E /* Alert(Uyari)Message */ = {
			isa = PBXGroup;
			children = (
				89CCF7E32955F3A900C7125E /* AppDelegate.swift */,
				89CCF7E52955F3A900C7125E /* SceneDelegate.swift */,
				89CCF7E72955F3A900C7125E /* ViewController.swift */,
				89CCF7E92955F3A900C7125E /* Main.storyboard */,
				89CCF7EC2955F3AB00C7125E /* Assets.xcassets */,
				89CCF7EE2955F3AB00C7125E /* LaunchScreen.storyboard */,
				89CCF7F12955F3AB00C7125E /* Info.plist */,
			);
			path = "Alert(Uyari)Message";
			sourceTree = "<group>";
		};
/* End PBXGroup section */

/* Begin PBXNativeTarget section */
		89CCF7DF2955F3A900C7125E /* Alert(Uyari)Message */ = {
			isa = PBXNativeTarget;
			buildConfigurationList = 89CCF7F42955F3AB00C7125E /* Build configuration list for PBXNativeTarget "Alert(Uyari)Message" */;
			buildPhases = (
				89CCF7DC2955F3A900C7125E /* Sources */,
				89CCF7DD2955F3A900C7125E /* Frameworks */,
				89CCF7DE2955F3A900C7125E /* Resources */,
			);
			buildRules = (
			);
			dependencies = (
			);
			name = "Alert(Uyari)Message";
			productName = "Alert(Uyari)Message";
			productReference = 89CCF7E02955F3A900C7125E /* Alert(Uyari)Message.app */;
			productType = "com.apple.product-type.application";
		};
/* End PBXNativeTarget section */

/* Begin PBXProject section */
		89CCF7D82955F3A900C7125E /* Project object */ = {
			isa = PBXProject;
			attributes = {
				BuildIndependentTargetsInParallel = 1;
				LastSwiftUpdateCheck = 1420;
				LastUpgradeCheck = 1420;
				TargetAttributes = {
					89CCF7DF2955F3A900C7125E = {
						CreatedOnToolsVersion = 14.2;
					};
				};
			};
			buildConfigurationList = 89CCF7DB2955F3A900C7125E /* Build configuration list for PBXProject "Alert(Uyari)Message" */;
			compatibilityVersion = "Xcode 14.0";
			developmentRegion = en;
			hasScannedForEncodings = 0;
			knownRegions = (
				en,
				Base,
			);
			mainGroup = 89CCF7D72955F3A900C7125E;
			productRefGroup = 89CCF7E12955F3A900C7125E /* Products */;
			projectDirPath = "";
			projectRoot = "";
			targets = (
				89CCF7DF2955F3A900C7125E /* Alert(Uyari)Message */,
			);
		};
/* End PBXProject section */

/* Begin PBXResourcesBuildPhase section */
		89CCF7DE2955F3A900C7125E /* Resources */ = {
			isa = PBXResourcesBuildPhase;
			buildActionMask = 2147483647;
			files = (
				89CCF7F02955F3AB00C7125E /* LaunchScreen.storyboard in Resources */,
				89CCF7ED2955F3AB00C7125E /* Assets.xcassets in Resources */,
				89CCF7EB2955F3A900C7125E /* Main.storyboard in Resources */,
			);
			runOnlyForDeploymentPostprocessing = 0;
		};
/* End PBXResourcesBuildPhase section */

/* Begin PBXSourcesBuildPhase section */
		89CCF7DC2955F3A900C7125E /* Sources */ = {
			isa = PBXSourcesBuildPhase;
			buildActionMask = 2147483647;
			files = (
				89CCF7E82955F3A900C7125E /* ViewController.swift in Sources */,
				89CCF7E42955F3A900C7125E /* AppDelegate.swift in Sources */,
				89CCF7E62955F3A900C7125E /* SceneDelegate.swift in Sources */,
			);
			runOnlyForDeploymentPostprocessing = 0;
		};
/* End PBXSourcesBuildPhase section */

/* Begin PBXVariantGroup section */
		89CCF7E92955F3A900C7125E /* Main.storyboard */ = {
			isa = PBXVariantGroup;
			children = (
				89CCF7EA2955F3A900C7125E /* Base */,
			);
			name = Main.storyboard;
			sourceTree = "<group>";
		};
		89CCF7EE2955F3AB00C7125E /* LaunchScreen.storyboard */ = {
			isa = PBXVariantGroup;
			children = (
				89CCF7EF2955F3AB00C7125E /* Base */,
			);
			name = LaunchScreen.storyboard;
			sourceTree = "<group>";
		};
/* End PBXVariantGroup section */

/* Begin XCBuildConfiguration section */
		89CCF7F22955F3AB00C7125E /* Debug */ = {
			isa = XCBuildConfiguration;
			buildSettings = {
				ALWAYS_SEARCH_USER_PATHS = NO;
				CLANG_ANALYZER_NONNULL = YES;
				CLANG_ANALYZER_NUMBER_OBJECT_CONVERSION = YES_AGGRESSIVE;
				CLANG_CXX_LANGUAGE_STANDARD = "gnu++20";
				CLANG_ENABLE_MODULES = YES;
				CLANG_ENABLE_OBJC_ARC = YES;
				CLANG_ENABLE_OBJC_WEAK = YES;
				CLANG_WARN_BLOCK_CAPTURE_AUTORELEASING = YES;
				CLANG_WARN_BOOL_CONVERSION = YES;
				CLANG_WARN_COMMA = YES;
				CLANG_WARN_CONSTANT_CONVERSION = YES;
				CLANG_WARN_DEPRECATED_OBJC_IMPLEMENTATIONS = YES;
				CLANG_WARN_DIRECT_OBJC_ISA_USAGE = YES_ERROR;
				CLANG_WARN_DOCUMENTATION_COMMENTS = YES;
				CLANG_WARN_EMPTY_BODY = YES;
				CLANG_WARN_ENUM_CONVERSION = YES;
				CLANG_WARN_INFINITE_RECURSION = YES;
				CLANG_WARN_INT_CONVERSION = YES;
				CLANG_WARN_NON_LITERAL_NULL_CONVERSION = YES;
				CLANG_WARN_OBJC_IMPLICIT_RETAIN_SELF = YES;
				CLANG_WARN_OBJC_LITERAL_CONVERSION = YES;
				CLANG_WARN_OBJC_ROOT_CLASS = YES_ERROR;
				CLANG_WARN_QUOTED_INCLUDE_IN_FRAMEWORK_HEADER = YES;
				CLANG_WARN_RANGE_LOOP_ANALYSIS = YES;
				CLANG_WARN_STRICT_PROTOTYPES = YES;
				CLANG_WARN_SUSPICIOUS_MOVE = YES;
				CLANG_WARN_UNGUARDED_AVAILABILITY = YES_AGGRESSIVE;
				CLANG_WARN_UNREACHABLE_CODE = YES;
				CLANG_WARN__DUPLICATE_METHOD_MATCH = YES;
				COPY_PHASE_STRIP = NO;
				DEBUG_INFORMATION_FORMAT = dwarf;
				ENABLE_STRICT_OBJC_MSGSEND = YES;
				ENABLE_TESTABILITY = YES;
				GCC_C_LANGUAGE_STANDARD = gnu11;
				GCC_DYNAMIC_NO_PIC = NO;
				GCC_NO_COMMON_BLOCKS = YES;
				GCC_OPTIMIZATION_LEVEL = 0;
				GCC_PREPROCESSOR_DEFINITIONS = (
					"DEBUG=1",
					"$(inherited)",
				);
				GCC_WARN_64_TO_32_BIT_CONVERSION = YES;
				GCC_WARN_ABOUT_RETURN_TYPE = YES_ERROR;
				GCC_WARN_UNDECLARED_SELECTOR = YES;
				GCC_WARN_UNINITIALIZED_AUTOS = YES_AGGRESSIVE;
				GCC_WARN_UNUSED_FUNCTION = YES;
				GCC_WARN_UNUSED_VARIABLE = YES;
				IPHONEOS_DEPLOYMENT_TARGET = 16.2;
				MTL_ENABLE_DEBUG_INFO = INCLUDE_SOURCE;
				MTL_FAST_MATH = YES;
				ONLY_ACTIVE_ARCH = YES;
				SDKROOT = iphoneos;
				SWIFT_ACTIVE_COMPILATION_CONDITIONS = DEBUG;
				SWIFT_OPTIMIZATION_LEVEL = "-Onone";
			};
			name = Debug;
		};
		89CCF7F32955F3AB00C7125E /* Release */ = {
			isa = XCBuildConfiguration;
			buildSettings = {
				ALWAYS_SEARCH_USER_PATHS = NO;
				CLANG_ANALYZER_NONNULL = YES;
				CLANG_ANALYZER_NUMBER_OBJECT_CONVERSION = YES_AGGRESSIVE;
				CLANG_CXX_LANGUAGE_STANDARD = "gnu++20";
				CLANG_ENABLE_MODULES = YES;
				CLANG_ENABLE_OBJC_ARC = YES;
				CLANG_ENABLE_OBJC_WEAK = YES;
				CLANG_WARN_BLOCK_CAPTURE_AUTORELEASING = YES;
				CLANG_WARN_BOOL_CONVERSION = YES;
				CLANG_WARN_COMMA = YES;
				CLANG_WARN_CONSTANT_CONVERSION = YES;
				CLANG_WARN_DEPRECATED_OBJC_IMPLEMENTATIONS = YES;
				CLANG_WARN_DIRECT_OBJC_ISA_USAGE = YES_ERROR;
				CLANG_WARN_DOCUMENTATION_COMMENTS = YES;
				CLANG_WARN_EMPTY_BODY = YES;
				CLANG_WARN_ENUM_CONVERSION = YES;
				CLANG_WARN_INFINITE_RECURSION = YES;
				CLANG_WARN_INT_CONVERSION = YES;
				CLANG_WARN_NON_LITERAL_NULL_CONVERSION = YES;
				CLANG_WARN_OBJC_IMPLICIT_RETAIN_SELF = YES;
				CLANG_WARN_OBJC_LITERAL_CONVERSION = YES;
				CLANG_WARN_OBJC_ROOT_CLASS = YES_ERROR;
				CLANG_WARN_QUOTED_INCLUDE_IN_FRAMEWORK_HEADER = YES;
				CLANG_WARN_RANGE_LOOP_ANALYSIS = YES;
				CLANG_WARN_STRICT_PROTOTYPES = YES;
				CLANG_WARN_SUSPICIOUS_MOVE = YES;
				CLANG_WARN_UNGUARDED_AVAILABILITY = YES_AGGRESSIVE;
				CLANG_WARN_UNREACHABLE_CODE = YES;
				CLANG_WARN__DUPLICATE_METHOD_MATCH = YES;
				COPY_PHASE_STRIP = NO;
				DEBUG_INFORMATION_FORMAT = "dwarf-with-dsym";
				ENABLE_NS_ASSERTIONS = NO;
				ENABLE_STRICT_OBJC_MSGSEND = YES;
				GCC_C_LANGUAGE_STANDARD = gnu11;
				GCC_NO_COMMON_BLOCKS = YES;
				GCC_WARN_64_TO_32_BIT_CONVERSION = YES;
				GCC_WARN_ABOUT_RETURN_TYPE = YES_ERROR;
				GCC_WARN_UNDECLARED_SELECTOR = YES;
				GCC_WARN_UNINITIALIZED_AUTOS = YES_AGGRESSIVE;
				GCC_WARN_UNUSED_FUNCTION = YES;
				GCC_WARN_UNUSED_VARIABLE = YES;
				IPHONEOS_DEPLOYMENT_TARGET = 16.2;
				MTL_ENABLE_DEBUG_INFO = NO;
				MTL_FAST_MATH = YES;
				SDKROOT = iphoneos;
				SWIFT_COMPILATION_MODE = wholemodule;
				SWIFT_OPTIMIZATION_LEVEL = "-O";
				VALIDATE_PRODUCT = YES;
			};
			name = Release;
		};
		89CCF7F52955F3AB00C7125E /* Debug */ = {
			isa = XCBuildConfiguration;
			buildSettings = {
				ASSETCATALOG_COMPILER_APPICON_NAME = AppIcon;
				ASSETCATALOG_COMPILER_GLOBAL_ACCENT_COLOR_NAME = AccentColor;
				CODE_SIGN_STYLE = Automatic;
				CURRENT_PROJECT_VERSION = 1;
				DEVELOPMENT_TEAM = 7MH88ZT47Y;
				GENERATE_INFOPLIST_FILE = YES;
				INFOPLIST_FILE = "Alert(Uyari)Message/Info.plist";
				INFOPLIST_KEY_UIApplicationSupportsIndirectInputEvents = YES;
				INFOPLIST_KEY_UILaunchStoryboardName = LaunchScreen;
				INFOPLIST_KEY_UIMainStoryboardFile = Main;
				INFOPLIST_KEY_UISupportedInterfaceOrientations_iPad = "UIInterfaceOrientationPortrait UIInterfaceOrientationPortraitUpsideDown UIInterfaceOrientationLandscapeLeft UIInterfaceOrientationLandscapeRight";
				INFOPLIST_KEY_UISupportedInterfaceOrientations_iPhone = "UIInterfaceOrientationPortrait UIInterfaceOrientationLandscapeLeft UIInterfaceOrientationLandscapeRight";
				LD_RUNPATH_SEARCH_PATHS = (
					"$(inherited)",
					"@executable_path/Frameworks",
				);
				MARKETING_VERSION = 1.0;
				PRODUCT_BUNDLE_IDENTIFIER = "com.ozgursalihdulger.Alert-Uyari-Message";
				PRODUCT_NAME = "$(TARGET_NAME)";
				SWIFT_EMIT_LOC_STRINGS = YES;
				SWIFT_VERSION = 5.0;
				TARGETED_DEVICE_FAMILY = "1,2";
			};
			name = Debug;
		};
		89CCF7F62955F3AB00C7125E /* Release */ = {
			isa = XCBuildConfiguration;
			buildSettings = {
				ASSETCATALOG_COMPILER_APPICON_NAME = AppIcon;
				ASSETCATALOG_COMPILER_GLOBAL_ACCENT_COLOR_NAME = AccentColor;
				CODE_SIGN_STYLE = Automatic;
				CURRENT_PROJECT_VERSION = 1;
				DEVELOPMENT_TEAM = 7MH88ZT47Y;
				GENERATE_INFOPLIST_FILE = YES;
				INFOPLIST_FILE = "Alert(Uyari)Message/Info.plist";
				INFOPLIST_KEY_UIApplicationSupportsIndirectInputEvents = YES;
				INFOPLIST_KEY_UILaunchStoryboardName = LaunchScreen;
				INFOPLIST_KEY_UIMainStoryboardFile = Main;
				INFOPLIST_KEY_UISupportedInterfaceOrientations_iPad = "UIInterfaceOrientationPortrait UIInterfaceOrientationPortraitUpsideDown UIInterfaceOrientationLandscapeLeft UIInterfaceOrientationLandscapeRight";
				INFOPLIST_KEY_UISupportedInterfaceOrientations_iPhone = "UIInterfaceOrientationPortrait UIInterfaceOrientationLandscapeLeft UIInterfaceOrientationLandscapeRight";
				LD_RUNPATH_SEARCH_PATHS = (
					"$(inherited)",
					"@executable_path/Frameworks",
				);
				MARKETING_VERSION = 1.0;
				PRODUCT_BUNDLE_IDENTIFIER = "com.ozgursalihdulger.Alert-Uyari-Message";
				PRODUCT_NAME = "$(TARGET_NAME)";
				SWIFT_EMIT_LOC_STRINGS = YES;
				SWIFT_VERSION = 5.0;
				TARGETED_DEVICE_FAMILY = "1,2";
			};
			name = Release;
		};
/* End XCBuildConfiguration section */

/* Begin XCConfigurationList section */
		89CCF7DB2955F3A900C7125E /* Build configuration list for PBXProject "Alert(Uyari)Message" */ = {
			isa = XCConfigurationList;
			buildConfigurations = (
				89CCF7F22955F3AB00C7125E /* Debug */,
				89CCF7F32955F3AB00C7125E /* Release */,
			);
			defaultConfigurationIsVisible = 0;
			defaultConfigurationName = Release;
		};
		89CCF7F42955F3AB00C7125E /* Build configuration list for PBXNativeTarget "Alert(Uyari)Message" */ = {
			isa = XCConfigurationList;
			buildConfigurations = (
				89CCF7F52955F3AB00C7125E /* Debug */,
				89CCF7F62955F3AB00C7125E /* Release */,
			);
			defaultConfigurationIsVisible = 0;
			defaultConfigurationName = Release;
		};
/* End XCConfigurationList section */
	};
	rootObject = 89CCF7D82955F3A900C7125E /* Project object */;
}
